
Microsoft Visual Studio Solution File, Format Version 12.00
# Visual Studio Version 17
VisualStudioVersion = 17.4.33213.308
MinimumVisualStudioVersion = 10.0.40219.1
Project("{888888A0-9F3D-457C-B088-3A5042F75D52}") = "장난감", "장난감\장난감.pyproj", "{76001799-18F1-4216-B0F7-364491F65941}"
EndProject
Global
	GlobalSection(SolutionConfigurationPlatforms) = preSolution
		Debug|Any CPU = Debug|Any CPU
		Release|Any CPU = Release|Any CPU
	EndGlobalSection
	GlobalSection(ProjectConfigurationPlatforms) = postSolution
		{76001799-18F1-4216-B0F7-364491F65941}.Debug|Any CPU.ActiveCfg = Debug|Any CPU
		{76001799-18F1-4216-B0F7-364491F65941}.Release|Any CPU.ActiveCfg = Release|Any CPU
	EndGlobalSection
	GlobalSection(SolutionProperties) = preSolution
		HideSolutionNode = FALSE
	EndGlobalSection
	GlobalSection(ExtensibilityGlobals) = postSolution
		SolutionGuid = {F86E1EA4-31CB-4E7F-BF5E-AD816BC64E84}
	EndGlobalSection
EndGlobal
